
Microsoft Visual Studio Solution File, Format Version 12.00
# Visual Studio Version 16
VisualStudioVersion = 16.0.30717.126
MinimumVisualStudioVersion = 10.0.40219.1
Project("{9A19103F-16F7-4668-BE54-9A1E7A4F7556}") = "Lisbeth.Bot.API", "Lisbeth.Bot.API\Lisbeth.Bot.API.csproj", "{6E6B77F3-5EAB-4F8A-ABE0-85488E92F140}"
EndProject
Project("{2150E333-8FDC-42A3-9474-1A3956D46DE8}") = "API", "API", "{C9A9EFBD-B40A-426D-96FA-355690AC5788}"
EndProject
Project("{2150E333-8FDC-42A3-9474-1A3956D46DE8}") = "Application", "Application", "{74CCF4F4-2A89-4F3E-84CA-145BD23E8B94}"
EndProject
Project("{2150E333-8FDC-42A3-9474-1A3956D46DE8}") = "DataAccessLayer", "DataAccessLayer", "{B80166FC-BBDA-4C6F-8E77-6F7B06E1A542}"
EndProject
Project("{2150E333-8FDC-42A3-9474-1A3956D46DE8}") = "Domain", "Domain", "{21CD71F0-8AAB-4DE2-87F6-747D03D7C31E}"
EndProject
Project("{2150E333-8FDC-42A3-9474-1A3956D46DE8}") = "Tests", "Tests", "{3B6DE2E5-8E8F-419F-A374-CC10683D251B}"
EndProject
Project("{2150E333-8FDC-42A3-9474-1A3956D46DE8}") = "Unit", "Unit", "{2D8D6CC5-F937-4FEA-9F9D-74061984B909}"
EndProject
Project("{2150E333-8FDC-42A3-9474-1A3956D46DE8}") = "Integration", "Integration", "{788E11A7-AF45-45A9-9C44-604E13555724}"
EndProject
Project("{9A19103F-16F7-4668-BE54-9A1E7A4F7556}") = "MikyM.Common.Application", "MikyM.Common.Application\MikyM.Common.Application.csproj", "{EF916E7D-ECBA-4584-902B-FDC810BF80C7}"
EndProject
Project("{9A19103F-16F7-4668-BE54-9A1E7A4F7556}") = "MikyM.Common.DataAccessLayer", "MikyM.Common.DataAccessLayer\MikyM.Common.DataAccessLayer.csproj", "{69A3C1C8-209A-46C3-8CD7-A79696C86CAB}"
EndProject
Project("{9A19103F-16F7-4668-BE54-9A1E7A4F7556}") = "MikyM.Common.Domain", "MikyM.Common.Domain\MikyM.Common.Domain.csproj", "{E1D66F33-5B56-4CBA-BBAA-C266A7A77763}"
EndProject
Project("{9A19103F-16F7-4668-BE54-9A1E7A4F7556}") = "Lisbeth.Bot.Application", "Lisbeth.Bot.Application\Lisbeth.Bot.Application.csproj", "{EF163694-A6F5-42AC-A17E-0139E6C69859}"
EndProject
Project("{9A19103F-16F7-4668-BE54-9A1E7A4F7556}") = "MikyM.Discord", "MikyM.Discord\MikyM.Discord.csproj", "{8841C087-7CB4-466A-B01B-20AA6F22943E}"
EndProject
Project("{FAE04EC0-301F-11D3-BF4B-00C04F79EFBC}") = "Lisbeth.Bot.DataAccessLayer", "Lisbeth.Bot.DataAccessLayer\Lisbeth.Bot.DataAccessLayer.csproj", "{A803112D-98E9-4782-94E8-898C0E555D3C}"
EndProject
Global
	GlobalSection(SolutionConfigurationPlatforms) = preSolution
		Debug|Any CPU = Debug|Any CPU
		Release|Any CPU = Release|Any CPU
	EndGlobalSection
	GlobalSection(ProjectConfigurationPlatforms) = postSolution
		{6E6B77F3-5EAB-4F8A-ABE0-85488E92F140}.Debug|Any CPU.ActiveCfg = Debug|Any CPU
		{6E6B77F3-5EAB-4F8A-ABE0-85488E92F140}.Debug|Any CPU.Build.0 = Debug|Any CPU
		{6E6B77F3-5EAB-4F8A-ABE0-85488E92F140}.Release|Any CPU.ActiveCfg = Release|Any CPU
		{6E6B77F3-5EAB-4F8A-ABE0-85488E92F140}.Release|Any CPU.Build.0 = Release|Any CPU
		{EF916E7D-ECBA-4584-902B-FDC810BF80C7}.Debug|Any CPU.ActiveCfg = Debug|Any CPU
		{EF916E7D-ECBA-4584-902B-FDC810BF80C7}.Debug|Any CPU.Build.0 = Debug|Any CPU
		{EF916E7D-ECBA-4584-902B-FDC810BF80C7}.Release|Any CPU.ActiveCfg = Release|Any CPU
		{EF916E7D-ECBA-4584-902B-FDC810BF80C7}.Release|Any CPU.Build.0 = Release|Any CPU
		{69A3C1C8-209A-46C3-8CD7-A79696C86CAB}.Debug|Any CPU.ActiveCfg = Debug|Any CPU
		{69A3C1C8-209A-46C3-8CD7-A79696C86CAB}.Debug|Any CPU.Build.0 = Debug|Any CPU
		{69A3C1C8-209A-46C3-8CD7-A79696C86CAB}.Release|Any CPU.ActiveCfg = Release|Any CPU
		{69A3C1C8-209A-46C3-8CD7-A79696C86CAB}.Release|Any CPU.Build.0 = Release|Any CPU
		{E1D66F33-5B56-4CBA-BBAA-C266A7A77763}.Debug|Any CPU.ActiveCfg = Debug|Any CPU
		{E1D66F33-5B56-4CBA-BBAA-C266A7A77763}.Debug|Any CPU.Build.0 = Debug|Any CPU
		{E1D66F33-5B56-4CBA-BBAA-C266A7A77763}.Release|Any CPU.ActiveCfg = Release|Any CPU
		{E1D66F33-5B56-4CBA-BBAA-C266A7A77763}.Release|Any CPU.Build.0 = Release|Any CPU
		{EF163694-A6F5-42AC-A17E-0139E6C69859}.Debug|Any CPU.ActiveCfg = Debug|Any CPU
		{EF163694-A6F5-42AC-A17E-0139E6C69859}.Debug|Any CPU.Build.0 = Debug|Any CPU
		{EF163694-A6F5-42AC-A17E-0139E6C69859}.Release|Any CPU.ActiveCfg = Release|Any CPU
		{EF163694-A6F5-42AC-A17E-0139E6C69859}.Release|Any CPU.Build.0 = Release|Any CPU
		{8841C087-7CB4-466A-B01B-20AA6F22943E}.Debug|Any CPU.ActiveCfg = Debug|Any CPU
		{8841C087-7CB4-466A-B01B-20AA6F22943E}.Debug|Any CPU.Build.0 = Debug|Any CPU
		{8841C087-7CB4-466A-B01B-20AA6F22943E}.Release|Any CPU.ActiveCfg = Release|Any CPU
		{8841C087-7CB4-466A-B01B-20AA6F22943E}.Release|Any CPU.Build.0 = Release|Any CPU
		{A803112D-98E9-4782-94E8-898C0E555D3C}.Debug|Any CPU.ActiveCfg = Debug|Any CPU
		{A803112D-98E9-4782-94E8-898C0E555D3C}.Debug|Any CPU.Build.0 = Debug|Any CPU
		{A803112D-98E9-4782-94E8-898C0E555D3C}.Release|Any CPU.ActiveCfg = Release|Any CPU
		{A803112D-98E9-4782-94E8-898C0E555D3C}.Release|Any CPU.Build.0 = Release|Any CPU
	EndGlobalSection
	GlobalSection(SolutionProperties) = preSolution
		HideSolutionNode = FALSE
	EndGlobalSection
	GlobalSection(NestedProjects) = preSolution
		{6E6B77F3-5EAB-4F8A-ABE0-85488E92F140} = {C9A9EFBD-B40A-426D-96FA-355690AC5788}
		{2D8D6CC5-F937-4FEA-9F9D-74061984B909} = {3B6DE2E5-8E8F-419F-A374-CC10683D251B}
		{788E11A7-AF45-45A9-9C44-604E13555724} = {3B6DE2E5-8E8F-419F-A374-CC10683D251B}
		{EF916E7D-ECBA-4584-902B-FDC810BF80C7} = {74CCF4F4-2A89-4F3E-84CA-145BD23E8B94}
		{69A3C1C8-209A-46C3-8CD7-A79696C86CAB} = {B80166FC-BBDA-4C6F-8E77-6F7B06E1A542}
		{E1D66F33-5B56-4CBA-BBAA-C266A7A77763} = {21CD71F0-8AAB-4DE2-87F6-747D03D7C31E}
		{EF163694-A6F5-42AC-A17E-0139E6C69859} = {74CCF4F4-2A89-4F3E-84CA-145BD23E8B94}
		{8841C087-7CB4-466A-B01B-20AA6F22943E} = {74CCF4F4-2A89-4F3E-84CA-145BD23E8B94}
		{A803112D-98E9-4782-94E8-898C0E555D3C} = {B80166FC-BBDA-4C6F-8E77-6F7B06E1A542}
	EndGlobalSection
	GlobalSection(ExtensibilityGlobals) = postSolution
		SolutionGuid = {3C163F40-9FA0-4EFA-8813-DB6531FE8C3D}
	EndGlobalSection
EndGlobal
